
Microsoft Visual Studio Solution File, Format Version 12.00
# Visual Studio Version 17
VisualStudioVersion = 17.12.35527.113 d17.12
MinimumVisualStudioVersion = 10.0.40219.1
Project("{FAE04EC0-301F-11D3-BF4B-00C04F79EFBC}") = "Client", "Client.csproj", "{4DF7827D-22F5-4D23-8CCF-C7F8F6EEC865}"
EndProject
Project("{FAE04EC0-301F-11D3-BF4B-00C04F79EFBC}") = "Common", "..\Common\Common.csproj", "{65F32CE7-31C2-4C5B-A687-7BA1FBDFAEE1}"
EndProject
Project("{FAE04EC0-301F-11D3-BF4B-00C04F79EFBC}") = "Service", "..\Service\Service.csproj", "{1979CC07-8B74-4EC2-BE9C-C91C9242BDD3}"
EndProject
Global
	GlobalSection(SolutionConfigurationPlatforms) = preSolution
		Debug|Any CPU = Debug|Any CPU
		Release|Any CPU = Release|Any CPU
	EndGlobalSection
	GlobalSection(ProjectConfigurationPlatforms) = postSolution
		{4DF7827D-22F5-4D23-8CCF-C7F8F6EEC865}.Debug|Any CPU.ActiveCfg = Debug|Any CPU
		{4DF7827D-22F5-4D23-8CCF-C7F8F6EEC865}.Debug|Any CPU.Build.0 = Debug|Any CPU
		{4DF7827D-22F5-4D23-8CCF-C7F8F6EEC865}.Release|Any CPU.ActiveCfg = Release|Any CPU
		{4DF7827D-22F5-4D23-8CCF-C7F8F6EEC865}.Release|Any CPU.Build.0 = Release|Any CPU
		{65F32CE7-31C2-4C5B-A687-7BA1FBDFAEE1}.Debug|Any CPU.ActiveCfg = Debug|Any CPU
		{65F32CE7-31C2-4C5B-A687-7BA1FBDFAEE1}.Debug|Any CPU.Build.0 = Debug|Any CPU
		{65F32CE7-31C2-4C5B-A687-7BA1FBDFAEE1}.Release|Any CPU.ActiveCfg = Release|Any CPU
		{65F32CE7-31C2-4C5B-A687-7BA1FBDFAEE1}.Release|Any CPU.Build.0 = Release|Any CPU
		{1979CC07-8B74-4EC2-BE9C-C91C9242BDD3}.Debug|Any CPU.ActiveCfg = Debug|Any CPU
		{1979CC07-8B74-4EC2-BE9C-C91C9242BDD3}.Debug|Any CPU.Build.0 = Debug|Any CPU
		{1979CC07-8B74-4EC2-BE9C-C91C9242BDD3}.Release|Any CPU.ActiveCfg = Release|Any CPU
		{1979CC07-8B74-4EC2-BE9C-C91C9242BDD3}.Release|Any CPU.Build.0 = Release|Any CPU
	EndGlobalSection
	GlobalSection(SolutionProperties) = preSolution
		HideSolutionNode = FALSE
	EndGlobalSection
EndGlobal
